
Microsoft Visual Studio Solution File, Format Version 12.00
# Visual Studio 2013
VisualStudioVersion = 12.0.31101.0
MinimumVisualStudioVersion = 10.0.40219.1
Project("{FAE04EC0-301F-11D3-BF4B-00C04F79EFBC}") = "Loginator", "Loginator\Loginator.csproj", "{62FE85E9-B242-4C66-96FC-6F0D02160C44}"
EndProject
Project("{FAE04EC0-301F-11D3-BF4B-00C04F79EFBC}") = "Backend", "Backend\Backend.csproj", "{2F94AA95-0AF9-4CCC-B2C1-5A45F3257496}"
EndProject
Global
	GlobalSection(SolutionConfigurationPlatforms) = preSolution
		Debug|Any CPU = Debug|Any CPU
		Release|Any CPU = Release|Any CPU
	EndGlobalSection
	GlobalSection(ProjectConfigurationPlatforms) = postSolution
		{62FE85E9-B242-4C66-96FC-6F0D02160C44}.Debug|Any CPU.ActiveCfg = Debug|Any CPU
		{62FE85E9-B242-4C66-96FC-6F0D02160C44}.Debug|Any CPU.Build.0 = Debug|Any CPU
		{62FE85E9-B242-4C66-96FC-6F0D02160C44}.Release|Any CPU.ActiveCfg = Release|Any CPU
		{62FE85E9-B242-4C66-96FC-6F0D02160C44}.Release|Any CPU.Build.0 = Release|Any CPU
		{2F94AA95-0AF9-4CCC-B2C1-5A45F3257496}.Debug|Any CPU.ActiveCfg = Debug|Any CPU
		{2F94AA95-0AF9-4CCC-B2C1-5A45F3257496}.Debug|Any CPU.Build.0 = Debug|Any CPU
		{2F94AA95-0AF9-4CCC-B2C1-5A45F3257496}.Release|Any CPU.ActiveCfg = Release|Any CPU
		{2F94AA95-0AF9-4CCC-B2C1-5A45F3257496}.Release|Any CPU.Build.0 = Release|Any CPU
	EndGlobalSection
	GlobalSection(SolutionProperties) = preSolution
		HideSolutionNode = FALSE
	EndGlobalSection
EndGlobal
